
Microsoft Visual Studio Solution File, Format Version 12.00
# Visual Studio Version 16
VisualStudioVersion = 16.0.31515.178
MinimumVisualStudioVersion = 10.0.40219.1
Project("{9A19103F-16F7-4668-BE54-9A1E7A4F7556}") = "OnlineShop", "OnlineShop\OnlineShop.csproj", "{FBA16441-C120-4E0C-BF15-4C98CE1DDC9C}"
EndProject
Global
	GlobalSection(SolutionConfigurationPlatforms) = preSolution
		Debug|Any CPU = Debug|Any CPU
		Release|Any CPU = Release|Any CPU
	EndGlobalSection
	GlobalSection(ProjectConfigurationPlatforms) = postSolution
		{FBA16441-C120-4E0C-BF15-4C98CE1DDC9C}.Debug|Any CPU.ActiveCfg = Debug|Any CPU
		{FBA16441-C120-4E0C-BF15-4C98CE1DDC9C}.Debug|Any CPU.Build.0 = Debug|Any CPU
		{FBA16441-C120-4E0C-BF15-4C98CE1DDC9C}.Release|Any CPU.ActiveCfg = Release|Any CPU
		{FBA16441-C120-4E0C-BF15-4C98CE1DDC9C}.Release|Any CPU.Build.0 = Release|Any CPU
	EndGlobalSection
	GlobalSection(SolutionProperties) = preSolution
		HideSolutionNode = FALSE
	EndGlobalSection
	GlobalSection(ExtensibilityGlobals) = postSolution
		SolutionGuid = {7CC9AB41-3D96-44D0-8ED6-8A56F3B800A9}
	EndGlobalSection
EndGlobal
